
Microsoft Visual Studio Solution File, Format Version 12.00
# Visual Studio Version 16
VisualStudioVersion = 16.0.32126.315
MinimumVisualStudioVersion = 10.0.40219.1
Project("{8BC9CEB8-8B4A-11D0-8D11-00A0C91BC942}") = "DemoApplication", "projects\DemoApplication\DemoApplication.vcxproj", "{0CD45E4E-B7FF-4CBC-91B1-2AB77FCD8333}"
	ProjectSection(ProjectDependencies) = postProject
		{CFD2212F-F6F7-432F-B18E-7DB23DDB169B} = {CFD2212F-F6F7-432F-B18E-7DB23DDB169B}
		{55A47B3B-9F29-4DCB-A043-969DCF020FCD} = {55A47B3B-9F29-4DCB-A043-969DCF020FCD}
		{A1975BB0-B9FF-4091-B2A7-998A8EB1C023} = {A1975BB0-B9FF-4091-B2A7-998A8EB1C023}
	EndProjectSection
EndProject
Project("{8BC9CEB8-8B4A-11D0-8D11-00A0C91BC942}") = "EclipseEditor", "projects\EclipseEditor\EclipseEditor.vcxproj", "{7601AD86-AD7F-46F8-BE0F-927A32E9B1AA}"
EndProject
Project("{8BC9CEB8-8B4A-11D0-8D11-00A0C91BC942}") = "EclipseDebugging", "Engine\EclipseDebugging\EclipseDebugging.vcxproj", "{CFD2212F-F6F7-432F-B18E-7DB23DDB169B}"
EndProject
Project("{8BC9CEB8-8B4A-11D0-8D11-00A0C91BC942}") = "EclipseEngine", "Engine\EclipseEngine\EclipseEngine.vcxproj", "{55A47B3B-9F29-4DCB-A043-969DCF020FCD}"
EndProject
Project("{8BC9CEB8-8B4A-11D0-8D11-00A0C91BC942}") = "EclipseGraphics", "Engine\EclipseGraphics\EclipseGraphics.vcxproj", "{A1975BB0-B9FF-4091-B2A7-998A8EB1C023}"
EndProject
Project("{8BC9CEB8-8B4A-11D0-8D11-00A0C91BC942}") = "EclipseGui", "Engine\EclipseGui\EclipseGui.vcxproj", "{5862D622-D915-4479-A028-45B76565252C}"
EndProject
Project("{8BC9CEB8-8B4A-11D0-8D11-00A0C91BC942}") = "EclipseNetworking", "Engine\EclipseNetworking\EclipseNetworking.vcxproj", "{78A3996C-1C57-4DEA-84C2-C0B6086DAD05}"
EndProject
Project("{8BC9CEB8-8B4A-11D0-8D11-00A0C91BC942}") = "EclipseScripting", "Engine\EclipseScripting\EclipseScripting.vcxproj", "{F527ED56-49F9-47B4-A6DC-0BA81F753AA5}"
EndProject
Project("{8BC9CEB8-8B4A-11D0-8D11-00A0C91BC942}") = "NetworkClient", "projects\NetworkClient\NetworkClient.vcxproj", "{D204BE6C-E810-48E4-AABE-BBF794B7A431}"
	ProjectSection(ProjectDependencies) = postProject
		{CFD2212F-F6F7-432F-B18E-7DB23DDB169B} = {CFD2212F-F6F7-432F-B18E-7DB23DDB169B}
		{55A47B3B-9F29-4DCB-A043-969DCF020FCD} = {55A47B3B-9F29-4DCB-A043-969DCF020FCD}
		{78A3996C-1C57-4DEA-84C2-C0B6086DAD05} = {78A3996C-1C57-4DEA-84C2-C0B6086DAD05}
	EndProjectSection
EndProject
Project("{8BC9CEB8-8B4A-11D0-8D11-00A0C91BC942}") = "NetworkServer", "projects\NetworkServer\NetworkServer.vcxproj", "{DF99E468-B7A1-45F5-B7CE-871FEC3F257A}"
	ProjectSection(ProjectDependencies) = postProject
		{CFD2212F-F6F7-432F-B18E-7DB23DDB169B} = {CFD2212F-F6F7-432F-B18E-7DB23DDB169B}
		{55A47B3B-9F29-4DCB-A043-969DCF020FCD} = {55A47B3B-9F29-4DCB-A043-969DCF020FCD}
		{78A3996C-1C57-4DEA-84C2-C0B6086DAD05} = {78A3996C-1C57-4DEA-84C2-C0B6086DAD05}
	EndProjectSection
EndProject
Project("{8BC9CEB8-8B4A-11D0-8D11-00A0C91BC942}") = "EclipseChat", "Engine\EclipseChat\EclipseChat.vcxproj", "{0F01433C-99D8-448D-8D89-25097DF7358E}"
EndProject
Global
	GlobalSection(SolutionConfigurationPlatforms) = preSolution
		Debug|x64 = Debug|x64
		Debug|x86 = Debug|x86
		Release|x64 = Release|x64
		Release|x86 = Release|x86
	EndGlobalSection
	GlobalSection(ProjectConfigurationPlatforms) = postSolution
		{0CD45E4E-B7FF-4CBC-91B1-2AB77FCD8333}.Debug|x64.ActiveCfg = Debug|x64
		{0CD45E4E-B7FF-4CBC-91B1-2AB77FCD8333}.Debug|x64.Build.0 = Debug|x64
		{0CD45E4E-B7FF-4CBC-91B1-2AB77FCD8333}.Debug|x86.ActiveCfg = Debug|Win32
		{0CD45E4E-B7FF-4CBC-91B1-2AB77FCD8333}.Debug|x86.Build.0 = Debug|Win32
		{0CD45E4E-B7FF-4CBC-91B1-2AB77FCD8333}.Release|x64.ActiveCfg = Release|x64
		{0CD45E4E-B7FF-4CBC-91B1-2AB77FCD8333}.Release|x64.Build.0 = Release|x64
		{0CD45E4E-B7FF-4CBC-91B1-2AB77FCD8333}.Release|x86.ActiveCfg = Release|Win32
		{0CD45E4E-B7FF-4CBC-91B1-2AB77FCD8333}.Release|x86.Build.0 = Release|Win32
		{7601AD86-AD7F-46F8-BE0F-927A32E9B1AA}.Debug|x64.ActiveCfg = Debug|x64
		{7601AD86-AD7F-46F8-BE0F-927A32E9B1AA}.Debug|x64.Build.0 = Debug|x64
		{7601AD86-AD7F-46F8-BE0F-927A32E9B1AA}.Debug|x86.ActiveCfg = Debug|Win32
		{7601AD86-AD7F-46F8-BE0F-927A32E9B1AA}.Debug|x86.Build.0 = Debug|Win32
		{7601AD86-AD7F-46F8-BE0F-927A32E9B1AA}.Release|x64.ActiveCfg = Release|x64
		{7601AD86-AD7F-46F8-BE0F-927A32E9B1AA}.Release|x64.Build.0 = Release|x64
		{7601AD86-AD7F-46F8-BE0F-927A32E9B1AA}.Release|x86.ActiveCfg = Release|Win32
		{7601AD86-AD7F-46F8-BE0F-927A32E9B1AA}.Release|x86.Build.0 = Release|Win32
		{CFD2212F-F6F7-432F-B18E-7DB23DDB169B}.Debug|x64.ActiveCfg = Debug|x64
		{CFD2212F-F6F7-432F-B18E-7DB23DDB169B}.Debug|x64.Build.0 = Debug|x64
		{CFD2212F-F6F7-432F-B18E-7DB23DDB169B}.Debug|x86.ActiveCfg = Debug|Win32
		{CFD2212F-F6F7-432F-B18E-7DB23DDB169B}.Debug|x86.Build.0 = Debug|Win32
		{CFD2212F-F6F7-432F-B18E-7DB23DDB169B}.Release|x64.ActiveCfg = Release|x64
		{CFD2212F-F6F7-432F-B18E-7DB23DDB169B}.Release|x64.Build.0 = Release|x64
		{CFD2212F-F6F7-432F-B18E-7DB23DDB169B}.Release|x86.ActiveCfg = Release|Win32
		{CFD2212F-F6F7-432F-B18E-7DB23DDB169B}.Release|x86.Build.0 = Release|Win32
		{55A47B3B-9F29-4DCB-A043-969DCF020FCD}.Debug|x64.ActiveCfg = Debug|x64
		{55A47B3B-9F29-4DCB-A043-969DCF020FCD}.Debug|x64.Build.0 = Debug|x64
		{55A47B3B-9F29-4DCB-A043-969DCF020FCD}.Debug|x86.ActiveCfg = Debug|Win32
		{55A47B3B-9F29-4DCB-A043-969DCF020FCD}.Debug|x86.Build.0 = Debug|Win32
		{55A47B3B-9F29-4DCB-A043-969DCF020FCD}.Release|x64.ActiveCfg = Release|x64
		{55A47B3B-9F29-4DCB-A043-969DCF020FCD}.Release|x64.Build.0 = Release|x64
		{55A47B3B-9F29-4DCB-A043-969DCF020FCD}.Release|x86.ActiveCfg = Release|Win32
		{55A47B3B-9F29-4DCB-A043-969DCF020FCD}.Release|x86.Build.0 = Release|Win32
		{A1975BB0-B9FF-4091-B2A7-998A8EB1C023}.Debug|x64.ActiveCfg = Debug|x64
		{A1975BB0-B9FF-4091-B2A7-998A8EB1C023}.Debug|x64.Build.0 = Debug|x64
		{A1975BB0-B9FF-4091-B2A7-998A8EB1C023}.Debug|x86.ActiveCfg = Debug|Win32
		{A1975BB0-B9FF-4091-B2A7-998A8EB1C023}.Debug|x86.Build.0 = Debug|Win32
		{A1975BB0-B9FF-4091-B2A7-998A8EB1C023}.Release|x64.ActiveCfg = Release|x64
		{A1975BB0-B9FF-4091-B2A7-998A8EB1C023}.Release|x64.Build.0 = Release|x64
		{A1975BB0-B9FF-4091-B2A7-998A8EB1C023}.Release|x86.ActiveCfg = Release|Win32
		{A1975BB0-B9FF-4091-B2A7-998A8EB1C023}.Release|x86.Build.0 = Release|Win32
		{5862D622-D915-4479-A028-45B76565252C}.Debug|x64.ActiveCfg = Debug|x64
		{5862D622-D915-4479-A028-45B76565252C}.Debug|x64.Build.0 = Debug|x64
		{5862D622-D915-4479-A028-45B76565252C}.Debug|x86.ActiveCfg = Debug|Win32
		{5862D622-D915-4479-A028-45B76565252C}.Debug|x86.Build.0 = Debug|Win32
		{5862D622-D915-4479-A028-45B76565252C}.Release|x64.ActiveCfg = Release|x64
		{5862D622-D915-4479-A028-45B76565252C}.Release|x64.Build.0 = Release|x64
		{5862D622-D915-4479-A028-45B76565252C}.Release|x86.ActiveCfg = Release|Win32
		{5862D622-D915-4479-A028-45B76565252C}.Release|x86.Build.0 = Release|Win32
		{78A3996C-1C57-4DEA-84C2-C0B6086DAD05}.Debug|x64.ActiveCfg = Debug|x64
		{78A3996C-1C57-4DEA-84C2-C0B6086DAD05}.Debug|x64.Build.0 = Debug|x64
		{78A3996C-1C57-4DEA-84C2-C0B6086DAD05}.Debug|x86.ActiveCfg = Debug|Win32
		{78A3996C-1C57-4DEA-84C2-C0B6086DAD05}.Debug|x86.Build.0 = Debug|Win32
		{78A3996C-1C57-4DEA-84C2-C0B6086DAD05}.Release|x64.ActiveCfg = Release|x64
		{78A3996C-1C57-4DEA-84C2-C0B6086DAD05}.Release|x64.Build.0 = Release|x64
		{78A3996C-1C57-4DEA-84C2-C0B6086DAD05}.Release|x86.ActiveCfg = Release|Win32
		{78A3996C-1C57-4DEA-84C2-C0B6086DAD05}.Release|x86.Build.0 = Release|Win32
		{F527ED56-49F9-47B4-A6DC-0BA81F753AA5}.Debug|x64.ActiveCfg = Debug|x64
		{F527ED56-49F9-47B4-A6DC-0BA81F753AA5}.Debug|x64.Build.0 = Debug|x64
		{F527ED56-49F9-47B4-A6DC-0BA81F753AA5}.Debug|x86.ActiveCfg = Debug|Win32
		{F527ED56-49F9-47B4-A6DC-0BA81F753AA5}.Debug|x86.Build.0 = Debug|Win32
		{F527ED56-49F9-47B4-A6DC-0BA81F753AA5}.Release|x64.ActiveCfg = Release|x64
		{F527ED56-49F9-47B4-A6DC-0BA81F753AA5}.Release|x64.Build.0 = Release|x64
		{F527ED56-49F9-47B4-A6DC-0BA81F753AA5}.Release|x86.ActiveCfg = Release|Win32
		{F527ED56-49F9-47B4-A6DC-0BA81F753AA5}.Release|x86.Build.0 = Release|Win32
		{D204BE6C-E810-48E4-AABE-BBF794B7A431}.Debug|x64.ActiveCfg = Debug|x64
		{D204BE6C-E810-48E4-AABE-BBF794B7A431}.Debug|x64.Build.0 = Debug|x64
		{D204BE6C-E810-48E4-AABE-BBF794B7A431}.Debug|x86.ActiveCfg = Debug|Win32
		{D204BE6C-E810-48E4-AABE-BBF794B7A431}.Debug|x86.Build.0 = Debug|Win32
		{D204BE6C-E810-48E4-AABE-BBF794B7A431}.Release|x64.ActiveCfg = Release|x64
		{D204BE6C-E810-48E4-AABE-BBF794B7A431}.Release|x64.Build.0 = Release|x64
		{D204BE6C-E810-48E4-AABE-BBF794B7A431}.Release|x86.ActiveCfg = Release|Win32
		{D204BE6C-E810-48E4-AABE-BBF794B7A431}.Release|x86.Build.0 = Release|Win32
		{DF99E468-B7A1-45F5-B7CE-871FEC3F257A}.Debug|x64.ActiveCfg = Debug|x64
		{DF99E468-B7A1-45F5-B7CE-871FEC3F257A}.Debug|x64.Build.0 = Debug|x64
		{DF99E468-B7A1-45F5-B7CE-871FEC3F257A}.Debug|x86.ActiveCfg = Debug|Win32
		{DF99E468-B7A1-45F5-B7CE-871FEC3F257A}.Debug|x86.Build.0 = Debug|Win32
		{DF99E468-B7A1-45F5-B7CE-871FEC3F257A}.Release|x64.ActiveCfg = Release|x64
		{DF99E468-B7A1-45F5-B7CE-871FEC3F257A}.Release|x64.Build.0 = Release|x64
		{DF99E468-B7A1-45F5-B7CE-871FEC3F257A}.Release|x86.ActiveCfg = Release|Win32
		{DF99E468-B7A1-45F5-B7CE-871FEC3F257A}.Release|x86.Build.0 = Release|Win32
		{0F01433C-99D8-448D-8D89-25097DF7358E}.Debug|x64.ActiveCfg = Debug|x64
		{0F01433C-99D8-448D-8D89-25097DF7358E}.Debug|x64.Build.0 = Debug|x64
		{0F01433C-99D8-448D-8D89-25097DF7358E}.Debug|x86.ActiveCfg = Debug|Win32
		{0F01433C-99D8-448D-8D89-25097DF7358E}.Debug|x86.Build.0 = Debug|Win32
		{0F01433C-99D8-448D-8D89-25097DF7358E}.Release|x64.ActiveCfg = Release|x64
		{0F01433C-99D8-448D-8D89-25097DF7358E}.Release|x64.Build.0 = Release|x64
		{0F01433C-99D8-448D-8D89-25097DF7358E}.Release|x86.ActiveCfg = Release|Win32
		{0F01433C-99D8-448D-8D89-25097DF7358E}.Release|x86.Build.0 = Release|Win32
	EndGlobalSection
	GlobalSection(SolutionProperties) = preSolution
		HideSolutionNode = FALSE
	EndGlobalSection
	GlobalSection(ExtensibilityGlobals) = postSolution
		SolutionGuid = {4C47267C-754D-4C5A-9F42-2E2C0CAA9491}
	EndGlobalSection
EndGlobal
