<?xml version="1.0" encoding="utf-8"?>
<Project ToolsVersion="4.0" xmlns="http://schemas.microsoft.com/developer/msbuild/2003">
  <ItemGroup>
    <ClCompile Include="Application.cpp">
      <Filter>Core\Engine\Application</Filter>
    </ClCompile>
    <ClCompile Include="DemoApplication.cpp">
      <Filter>Demo</Filter>
    </ClCompile>
    <ClCompile Include="Object.cpp">
      <Filter>Core\Entity Component System</Filter>
    </ClCompile>
    <ClCompile Include="Vertex.cpp">
      <Filter>Core\Rendering\Data</Filter>
    </ClCompile>
    <ClCompile Include="Mesh.cpp">
      <Filter>Core\Rendering\Data</Filter>
    </ClCompile>
    <ClCompile Include="Shader.cpp">
      <Filter>Core\Rendering\Data\Shader</Filter>
    </ClCompile>
    <ClCompile Include="ShaderProgram.cpp">
      <Filter>Core\Rendering\Data\Shader</Filter>
    </ClCompile>
    <ClCompile Include="Model.cpp">
      <Filter>Core\Rendering\Data</Filter>
    </ClCompile>
    <ClCompile Include="Material.cpp">
      <Filter>Core\Rendering\Data</Filter>
    </ClCompile>
    <ClCompile Include="ApplicationDriver.cpp">
      <Filter>Demo</Filter>
    </ClCompile>
    <ClCompile Include="Texture.cpp">
      <Filter>Core\Rendering\Data</Filter>
    </ClCompile>
    <ClCompile Include="SceneManager.cpp">
      <Filter>Core\Engine\Scene</Filter>
    </ClCompile>
    <ClCompile Include="Scene.cpp">
      <Filter>Core\Engine\Scene</Filter>
    </ClCompile>
    <ClCompile Include="SystemManager.cpp">
      <Filter>Core\Engine\Systems</Filter>
    </ClCompile>
    <ClCompile Include="System.cpp">
      <Filter>Core\Engine\Systems</Filter>
    </ClCompile>
    <ClCompile Include="Resources.cpp">
      <Filter>Core\Engine\IO</Filter>
    </ClCompile>
    <ClCompile Include="Eclipse.cpp">
      <Filter>Core\Engine\Core</Filter>
    </ClCompile>
    <ClCompile Include="BaseModel.cpp">
      <Filter>Core\Engine\Data</Filter>
    </ClCompile>
    <ClCompile Include="MeshRenderer.cpp">
      <Filter>Core\Entity Component System\Components\Graphics</Filter>
    </ClCompile>
    <ClCompile Include="Transform.cpp">
      <Filter>Core\Entity Component System\Components\Core</Filter>
    </ClCompile>
    <ClCompile Include="vendors\src\glad.c">
      <Filter>Vendors\glad</Filter>
    </ClCompile>
    <ClCompile Include="CameraController.cpp">
      <Filter>Demo\Scripts</Filter>
    </ClCompile>
    <ClCompile Include="Renderer.cpp">
      <Filter>Core\Rendering</Filter>
    </ClCompile>
    <ClCompile Include="Camera.cpp">
      <Filter>Core\Entity Component System\Components\Graphics</Filter>
    </ClCompile>
    <ClCompile Include="ImType.cpp">
      <Filter>Core\Engine\ImGuiTypes</Filter>
    </ClCompile>
    <ClCompile Include="ImDouble.cpp">
      <Filter>Core\Engine\ImGuiTypes</Filter>
    </ClCompile>
    <ClCompile Include="ImFloat.cpp">
      <Filter>Core\Engine\ImGuiTypes</Filter>
    </ClCompile>
    <ClCompile Include="ImGuiHelper.cpp">
      <Filter>Core\Engine\ImGuiTypes</Filter>
    </ClCompile>
    <ClCompile Include="ImInt.cpp">
      <Filter>Core\Engine\ImGuiTypes</Filter>
    </ClCompile>
    <ClCompile Include="ImVec2.cpp">
      <Filter>Core\Engine\ImGuiTypes</Filter>
    </ClCompile>
    <ClCompile Include="ImVec3.cpp">
      <Filter>Core\Engine\ImGuiTypes</Filter>
    </ClCompile>
    <ClCompile Include="Component.cpp">
      <Filter>Core\Entity Component System</Filter>
    </ClCompile>
    <ClCompile Include="ImString.cpp">
      <Filter>Core\Engine\ImGuiTypes</Filter>
    </ClCompile>
    <ClCompile Include="ImGuiCall.cpp">
      <Filter>Core\Engine\ImGuiTypes</Filter>
    </ClCompile>
    <ClCompile Include="DebugComponent.cpp">
      <Filter>Demo\Scripts</Filter>
    </ClCompile>
    <ClCompile Include="Engine.cpp">
      <Filter>Core\Engine</Filter>
    </ClCompile>
    <ClCompile Include="ImVec4.cpp">
      <Filter>Core\Engine\ImGuiTypes</Filter>
    </ClCompile>
    <ClCompile Include="ObjectFactory.cpp">
      <Filter>Core\Engine\Systems</Filter>
    </ClCompile>
    <ClCompile Include="Serialization.cpp">
      <Filter>Core\Engine\IO</Filter>
    </ClCompile>
    <ClCompile Include="ObjectRotator.cpp">
      <Filter>Demo\Scripts</Filter>
    </ClCompile>
    <ClCompile Include="Light.cpp">
      <Filter>Core\Entity Component System\Components\Graphics</Filter>
    </ClCompile>
    <ClCompile Include="ImGuiRenderer.cpp">
      <Filter>Core\Engine\Systems</Filter>
    </ClCompile>
    <ClCompile Include="ImGuiInspector.cpp">
      <Filter>Core\Engine\Systems</Filter>
    </ClCompile>
    <ClCompile Include="ImGuiHierarchy.cpp">
      <Filter>Core\Engine\Systems</Filter>
    </ClCompile>
    <ClCompile Include="ImRGBA.cpp" />
  </ItemGroup>
  <ItemGroup>
    <Filter Include="Core">
      <UniqueIdentifier>{37e901f7-362e-4ffc-8722-5fe43ecdf618}</UniqueIdentifier>
    </Filter>
    <Filter Include="Vendors">
      <UniqueIdentifier>{c32c2186-99a9-4e6e-863e-52c962fd493f}</UniqueIdentifier>
    </Filter>
    <Filter Include="Demo">
      <UniqueIdentifier>{76220908-4b3d-48ca-b918-ed0a908c51ec}</UniqueIdentifier>
    </Filter>
    <Filter Include="Core\Entity Component System">
      <UniqueIdentifier>{933b5556-c45f-4aba-9dec-49987cdc136b}</UniqueIdentifier>
    </Filter>
    <Filter Include="Core\Entity Component System\Components">
      <UniqueIdentifier>{918fe366-184f-48d8-82e6-9178be1406dd}</UniqueIdentifier>
    </Filter>
    <Filter Include="Core\Engine">
      <UniqueIdentifier>{7b483794-582e-4cd3-80a1-36587f42803e}</UniqueIdentifier>
    </Filter>
    <Filter Include="Core\Engine\Application">
      <UniqueIdentifier>{a0c699ee-8b83-4b53-aa04-ba53edf38388}</UniqueIdentifier>
    </Filter>
    <Filter Include="Core\Engine\Scene">
      <UniqueIdentifier>{3d937de0-1304-4797-a343-c65f91a14c8d}</UniqueIdentifier>
    </Filter>
    <Filter Include="Core\Engine\Systems">
      <UniqueIdentifier>{a457d831-0c53-4025-86db-6ab1f05470a8}</UniqueIdentifier>
    </Filter>
    <Filter Include="Core\Engine\IO">
      <UniqueIdentifier>{26a4852d-ae48-4dcb-9b21-82c37c51a2ab}</UniqueIdentifier>
    </Filter>
    <Filter Include="Core\Engine\Core">
      <UniqueIdentifier>{1ad21e2e-5146-47cb-9690-23b74a04daf4}</UniqueIdentifier>
    </Filter>
    <Filter Include="Core\Engine\Data">
      <UniqueIdentifier>{407ef430-63c5-4ec4-a6f2-ff0c7693229f}</UniqueIdentifier>
    </Filter>
    <Filter Include="Core\Entity Component System\Components\Core">
      <UniqueIdentifier>{5884238b-2f84-438a-bfd4-d928ef1140d3}</UniqueIdentifier>
    </Filter>
    <Filter Include="Core\Entity Component System\Components\Graphics">
      <UniqueIdentifier>{4ba3447c-334b-4a3b-881b-8376e34e9da7}</UniqueIdentifier>
    </Filter>
    <Filter Include="Demo\Scripts">
      <UniqueIdentifier>{443a425e-8d1f-4275-b772-ce28570ae42c}</UniqueIdentifier>
    </Filter>
    <Filter Include="Vendors\glad">
      <UniqueIdentifier>{44dbab63-c824-4682-9846-6d8aeb823cc3}</UniqueIdentifier>
    </Filter>
    <Filter Include="Vendors\termcolor">
      <UniqueIdentifier>{f6e3255a-582c-4eef-80a3-5da5ac50849c}</UniqueIdentifier>
    </Filter>
    <Filter Include="Core\Rendering">
      <UniqueIdentifier>{223c1062-8fbf-43fd-97f3-f5c65041290d}</UniqueIdentifier>
    </Filter>
    <Filter Include="Core\Rendering\Data">
      <UniqueIdentifier>{c9d1364f-ae07-4b50-b70c-f5f24202f141}</UniqueIdentifier>
    </Filter>
    <Filter Include="Core\Rendering\Data\Shader">
      <UniqueIdentifier>{6bcbae97-8a0b-4c36-b992-8643231d98ce}</UniqueIdentifier>
    </Filter>
    <Filter Include="Core\Engine\ImGuiTypes">
      <UniqueIdentifier>{45a218c1-8b8f-4eea-944b-6c839ae7ac28}</UniqueIdentifier>
    </Filter>
  </ItemGroup>
  <ItemGroup>
    <ClInclude Include="Application.h">
      <Filter>Core\Engine\Application</Filter>
    </ClInclude>
    <ClInclude Include="DemoApplication.h">
      <Filter>Demo</Filter>
    </ClInclude>
    <ClInclude Include="Object.h">
      <Filter>Core\Entity Component System</Filter>
    </ClInclude>
    <ClInclude Include="Component.h">
      <Filter>Core\Entity Component System</Filter>
    </ClInclude>
    <ClInclude Include="Vertex.h">
      <Filter>Core\Rendering\Data</Filter>
    </ClInclude>
    <ClInclude Include="Mesh.h">
      <Filter>Core\Rendering\Data</Filter>
    </ClInclude>
    <ClInclude Include="Shader.h">
      <Filter>Core\Rendering\Data\Shader</Filter>
    </ClInclude>
    <ClInclude Include="ShaderProgram.h">
      <Filter>Core\Rendering\Data\Shader</Filter>
    </ClInclude>
    <ClInclude Include="Model.h">
      <Filter>Core\Rendering\Data</Filter>
    </ClInclude>
    <ClInclude Include="Material.h">
      <Filter>Core\Rendering\Data</Filter>
    </ClInclude>
    <ClInclude Include="Texture.h">
      <Filter>Core\Rendering\Data</Filter>
    </ClInclude>
    <ClInclude Include="SceneManager.h">
      <Filter>Core\Engine\Scene</Filter>
    </ClInclude>
    <ClInclude Include="Scene.h">
      <Filter>Core\Engine\Scene</Filter>
    </ClInclude>
    <ClInclude Include="SystemManager.h">
      <Filter>Core\Engine\Systems</Filter>
    </ClInclude>
    <ClInclude Include="System.h">
      <Filter>Core\Engine\Systems</Filter>
    </ClInclude>
    <ClInclude Include="Resources.h">
      <Filter>Core\Engine\IO</Filter>
    </ClInclude>
    <ClInclude Include="Eclipse.h">
      <Filter>Core\Engine\Core</Filter>
    </ClInclude>
    <ClInclude Include="BaseModel.h">
      <Filter>Core\Engine\Data</Filter>
    </ClInclude>
    <ClInclude Include="MeshRenderer.h">
      <Filter>Core\Entity Component System\Components\Graphics</Filter>
    </ClInclude>
    <ClInclude Include="Transform.h">
      <Filter>Core\Entity Component System\Components\Core</Filter>
    </ClInclude>
    <ClInclude Include="C:\Users\conno\OneDrive\Desktop\termcolor-master\termcolor-master\include\termcolor\termcolor.hpp">
      <Filter>Vendors\termcolor</Filter>
    </ClInclude>
    <ClInclude Include="CameraController.h">
      <Filter>Demo\Scripts</Filter>
    </ClInclude>
    <ClInclude Include="Renderer.h">
      <Filter>Core\Rendering</Filter>
    </ClInclude>
    <ClInclude Include="Camera.h">
      <Filter>Core\Entity Component System\Components\Graphics</Filter>
    </ClInclude>
    <ClInclude Include="ImTypes.h">
      <Filter>Core\Engine\ImGuiTypes</Filter>
    </ClInclude>
    <ClInclude Include="ImType.h">
      <Filter>Core\Engine\ImGuiTypes</Filter>
    </ClInclude>
    <ClInclude Include="ImVec3.h">
      <Filter>Core\Engine\ImGuiTypes</Filter>
    </ClInclude>
    <ClInclude Include="ImDouble.h">
      <Filter>Core\Engine\ImGuiTypes</Filter>
    </ClInclude>
    <ClInclude Include="ImFloat.h">
      <Filter>Core\Engine\ImGuiTypes</Filter>
    </ClInclude>
    <ClInclude Include="ImGuiHelper.h">
      <Filter>Core\Engine\ImGuiTypes</Filter>
    </ClInclude>
    <ClInclude Include="ImInt.h">
      <Filter>Core\Engine\ImGuiTypes</Filter>
    </ClInclude>
    <ClInclude Include="ImVec2.h">
      <Filter>Core\Engine\ImGuiTypes</Filter>
    </ClInclude>
    <ClInclude Include="ImString.h">
      <Filter>Core\Engine\ImGuiTypes</Filter>
    </ClInclude>
    <ClInclude Include="ImGuiCall.h">
      <Filter>Core\Engine\ImGuiTypes</Filter>
    </ClInclude>
    <ClInclude Include="DebugComponent.h">
      <Filter>Demo\Scripts</Filter>
    </ClInclude>
    <ClInclude Include="Engine.h">
      <Filter>Core\Engine</Filter>
    </ClInclude>
    <ClInclude Include="ImVec4.h">
      <Filter>Core\Engine\ImGuiTypes</Filter>
    </ClInclude>
    <ClInclude Include="ObjectFactory.h">
      <Filter>Core\Engine\Systems</Filter>
    </ClInclude>
    <ClInclude Include="Serialization.h">
      <Filter>Core\Engine\IO</Filter>
    </ClInclude>
    <ClInclude Include="ObjectRotator.h">
      <Filter>Demo\Scripts</Filter>
    </ClInclude>
    <ClInclude Include="Light.h">
      <Filter>Core\Entity Component System\Components\Graphics</Filter>
    </ClInclude>
    <ClInclude Include="ImGuiRenderer.h">
      <Filter>Core\Engine\Systems</Filter>
    </ClInclude>
    <ClInclude Include="ImGuiInspector.h">
      <Filter>Core\Engine\Systems</Filter>
    </ClInclude>
    <ClInclude Include="ImGuiHierarchy.h">
      <Filter>Core\Engine\Systems</Filter>
    </ClInclude>
    <ClInclude Include="ImRGBA.h" />
  </ItemGroup>
</Project>